// !$*UTF8*$!
{
	archiveVersion = 1;
	classes = {
	};
	objectVersion = 56;
	objects = {

/* Begin PBXBuildFile section */
		1B04A6902901D38F000E42CF /* FavoriteButton.swift in Sources */ = {isa = PBXBuildFile; fileRef = 1B04A68F2901D38F000E42CF /* FavoriteButton.swift */; };
		1B357DF82905B0E1007DBFD3 /* HexagonParameters.swift in Sources */ = {isa = PBXBuildFile; fileRef = 1B357DF72905B0E1007DBFD3 /* HexagonParameters.swift */; };
		1B357DFA2905B333007DBFD3 /* BadgeBackground.swift in Sources */ = {isa = PBXBuildFile; fileRef = 1B357DF92905B333007DBFD3 /* BadgeBackground.swift */; };
		1B357DFC2905B779007DBFD3 /* BadgeSymbol.swift in Sources */ = {isa = PBXBuildFile; fileRef = 1B357DFB2905B779007DBFD3 /* BadgeSymbol.swift */; };
		1B357DFE2905B7ED007DBFD3 /* RotatedBadgeSymbol.swift in Sources */ = {isa = PBXBuildFile; fileRef = 1B357DFD2905B7ED007DBFD3 /* RotatedBadgeSymbol.swift */; };
		1B357E012905B87A007DBFD3 /* Badge.swift in Sources */ = {isa = PBXBuildFile; fileRef = 1B357E002905B87A007DBFD3 /* Badge.swift */; };
		1B5F0D3A28F33C8800F4CDB8 /* LandmarksApp.swift in Sources */ = {isa = PBXBuildFile; fileRef = 1B5F0D3928F33C8800F4CDB8 /* LandmarksApp.swift */; };
		1B5F0D3C28F33C8800F4CDB8 /* ContentView.swift in Sources */ = {isa = PBXBuildFile; fileRef = 1B5F0D3B28F33C8800F4CDB8 /* ContentView.swift */; };
		1B5F0D3E28F33C8900F4CDB8 /* Assets.xcassets in Resources */ = {isa = PBXBuildFile; fileRef = 1B5F0D3D28F33C8900F4CDB8 /* Assets.xcassets */; };
		1B5F0D4128F33C8900F4CDB8 /* Preview Assets.xcassets in Resources */ = {isa = PBXBuildFile; fileRef = 1B5F0D4028F33C8900F4CDB8 /* Preview Assets.xcassets */; };
		1B5F0D4B28F33C8900F4CDB8 /* LandmarksTests.swift in Sources */ = {isa = PBXBuildFile; fileRef = 1B5F0D4A28F33C8900F4CDB8 /* LandmarksTests.swift */; };
		1B5F0D5528F33C8900F4CDB8 /* LandmarksUITests.swift in Sources */ = {isa = PBXBuildFile; fileRef = 1B5F0D5428F33C8900F4CDB8 /* LandmarksUITests.swift */; };
		1B5F0D5728F33C8900F4CDB8 /* LandmarksUITestsLaunchTests.swift in Sources */ = {isa = PBXBuildFile; fileRef = 1B5F0D5628F33C8900F4CDB8 /* LandmarksUITestsLaunchTests.swift */; };
		1B5F0D6428F345CD00F4CDB8 /* CircleImage.swift in Sources */ = {isa = PBXBuildFile; fileRef = 1B5F0D6328F345CD00F4CDB8 /* CircleImage.swift */; };
		1B5F0D6628F347D900F4CDB8 /* MapView.swift in Sources */ = {isa = PBXBuildFile; fileRef = 1B5F0D6528F347D900F4CDB8 /* MapView.swift */; };
		1B73E00528FC9B4C00D7076B /* Landmark.swift in Sources */ = {isa = PBXBuildFile; fileRef = 1B73E00428FC9B4C00D7076B /* Landmark.swift */; };
		1B73E00728FC9D9500D7076B /* ModelData.swift in Sources */ = {isa = PBXBuildFile; fileRef = 1B73E00628FC9D9500D7076B /* ModelData.swift */; };
		1B73E00C28FCA06E00D7076B /* landmarkData.json in Resources */ = {isa = PBXBuildFile; fileRef = 1B73E00B28FCA06E00D7076B /* landmarkData.json */; };
		1BD41C5429006CCE0099ED36 /* LandmarkRow.swift in Sources */ = {isa = PBXBuildFile; fileRef = 1BD41C5329006CCE0099ED36 /* LandmarkRow.swift */; };
		1BD41C56290074530099ED36 /* LandmarkList.swift in Sources */ = {isa = PBXBuildFile; fileRef = 1BD41C55290074530099ED36 /* LandmarkList.swift */; };
		1BD41C58290077680099ED36 /* LandmarkDetail.swift in Sources */ = {isa = PBXBuildFile; fileRef = 1BD41C57290077680099ED36 /* LandmarkDetail.swift */; };
/* End PBXBuildFile section */

/* Begin PBXContainerItemProxy section */
		1B5F0D4728F33C8900F4CDB8 /* PBXContainerItemProxy */ = {
			isa = PBXContainerItemProxy;
			containerPortal = 1B5F0D2E28F33C8800F4CDB8 /* Project object */;
			proxyType = 1;
			remoteGlobalIDString = 1B5F0D3528F33C8800F4CDB8;
			remoteInfo = Landmarks;
		};
		1B5F0D5128F33C8900F4CDB8 /* PBXContainerItemProxy */ = {
			isa = PBXContainerItemProxy;
			containerPortal = 1B5F0D2E28F33C8800F4CDB8 /* Project object */;
			proxyType = 1;
			remoteGlobalIDString = 1B5F0D3528F33C8800F4CDB8;
			remoteInfo = Landmarks;
		};
/* End PBXContainerItemProxy section */

/* Begin PBXFileReference section */
		1B04A68F2901D38F000E42CF /* FavoriteButton.swift */ = {isa = PBXFileReference; lastKnownFileType = sourcecode.swift; path = FavoriteButton.swift; sourceTree = "<group>"; };
		1B357DF72905B0E1007DBFD3 /* HexagonParameters.swift */ = {isa = PBXFileReference; lastKnownFileType = sourcecode.swift; path = HexagonParameters.swift; sourceTree = "<group>"; };
		1B357DF92905B333007DBFD3 /* BadgeBackground.swift */ = {isa = PBXFileReference; lastKnownFileType = sourcecode.swift; path = BadgeBackground.swift; sourceTree = "<group>"; };
		1B357DFB2905B779007DBFD3 /* BadgeSymbol.swift */ = {isa = PBXFileReference; lastKnownFileType = sourcecode.swift; path = BadgeSymbol.swift; sourceTree = "<group>"; };
		1B357DFD2905B7ED007DBFD3 /* RotatedBadgeSymbol.swift */ = {isa = PBXFileReference; lastKnownFileType = sourcecode.swift; path = RotatedBadgeSymbol.swift; sourceTree = "<group>"; };
		1B357E002905B87A007DBFD3 /* Badge.swift */ = {isa = PBXFileReference; lastKnownFileType = sourcecode.swift; path = Badge.swift; sourceTree = "<group>"; };
		1B5F0D3628F33C8800F4CDB8 /* Landmarks.app */ = {isa = PBXFileReference; explicitFileType = wrapper.application; includeInIndex = 0; path = Landmarks.app; sourceTree = BUILT_PRODUCTS_DIR; };
		1B5F0D3928F33C8800F4CDB8 /* LandmarksApp.swift */ = {isa = PBXFileReference; lastKnownFileType = sourcecode.swift; path = LandmarksApp.swift; sourceTree = "<group>"; };
		1B5F0D3B28F33C8800F4CDB8 /* ContentView.swift */ = {isa = PBXFileReference; lastKnownFileType = sourcecode.swift; path = ContentView.swift; sourceTree = "<group>"; };
		1B5F0D3D28F33C8900F4CDB8 /* Assets.xcassets */ = {isa = PBXFileReference; lastKnownFileType = folder.assetcatalog; path = Assets.xcassets; sourceTree = "<group>"; };
		1B5F0D4028F33C8900F4CDB8 /* Preview Assets.xcassets */ = {isa = PBXFileReference; lastKnownFileType = folder.assetcatalog; path = "Preview Assets.xcassets"; sourceTree = "<group>"; };
		1B5F0D4628F33C8900F4CDB8 /* LandmarksTests.xctest */ = {isa = PBXFileReference; explicitFileType = wrapper.cfbundle; includeInIndex = 0; path = LandmarksTests.xctest; sourceTree = BUILT_PRODUCTS_DIR; };
		1B5F0D4A28F33C8900F4CDB8 /* LandmarksTests.swift */ = {isa = PBXFileReference; lastKnownFileType = sourcecode.swift; path = LandmarksTests.swift; sourceTree = "<group>"; };
		1B5F0D5028F33C8900F4CDB8 /* LandmarksUITests.xctest */ = {isa = PBXFileReference; explicitFileType = wrapper.cfbundle; includeInIndex = 0; path = LandmarksUITests.xctest; sourceTree = BUILT_PRODUCTS_DIR; };
		1B5F0D5428F33C8900F4CDB8 /* LandmarksUITests.swift */ = {isa = PBXFileReference; lastKnownFileType = sourcecode.swift; path = LandmarksUITests.swift; sourceTree = "<group>"; };
		1B5F0D5628F33C8900F4CDB8 /* LandmarksUITestsLaunchTests.swift */ = {isa = PBXFileReference; lastKnownFileType = sourcecode.swift; path = LandmarksUITestsLaunchTests.swift; sourceTree = "<group>"; };
		1B5F0D6328F345CD00F4CDB8 /* CircleImage.swift */ = {isa = PBXFileReference; lastKnownFileType = sourcecode.swift; path = CircleImage.swift; sourceTree = "<group>"; };
		1B5F0D6528F347D900F4CDB8 /* MapView.swift */ = {isa = PBXFileReference; lastKnownFileType = sourcecode.swift; path = MapView.swift; sourceTree = "<group>"; };
		1B73E00428FC9B4C00D7076B /* Landmark.swift */ = {isa = PBXFileReference; lastKnownFileType = sourcecode.swift; path = Landmark.swift; sourceTree = "<group>"; };
		1B73E00628FC9D9500D7076B /* ModelData.swift */ = {isa = PBXFileReference; lastKnownFileType = sourcecode.swift; path = ModelData.swift; sourceTree = "<group>"; };
		1B73E00B28FCA06E00D7076B /* landmarkData.json */ = {isa = PBXFileReference; fileEncoding = 4; lastKnownFileType = text.json; path = landmarkData.json; sourceTree = "<group>"; };
		1BD41C5329006CCE0099ED36 /* LandmarkRow.swift */ = {isa = PBXFileReference; lastKnownFileType = sourcecode.swift; path = LandmarkRow.swift; sourceTree = "<group>"; };
		1BD41C55290074530099ED36 /* LandmarkList.swift */ = {isa = PBXFileReference; lastKnownFileType = sourcecode.swift; path = LandmarkList.swift; sourceTree = "<group>"; };
		1BD41C57290077680099ED36 /* LandmarkDetail.swift */ = {isa = PBXFileReference; lastKnownFileType = sourcecode.swift; path = LandmarkDetail.swift; sourceTree = "<group>"; };
/* End PBXFileReference section */

/* Begin PBXFrameworksBuildPhase section */
		1B5F0D3328F33C8800F4CDB8 /* Frameworks */ = {
			isa = PBXFrameworksBuildPhase;
			buildActionMask = 2147483647;
			files = (
			);
			runOnlyForDeploymentPostprocessing = 0;
		};
		1B5F0D4328F33C8900F4CDB8 /* Frameworks */ = {
			isa = PBXFrameworksBuildPhase;
			buildActionMask = 2147483647;
			files = (
			);
			runOnlyForDeploymentPostprocessing = 0;
		};
		1B5F0D4D28F33C8900F4CDB8 /* Frameworks */ = {
			isa = PBXFrameworksBuildPhase;
			buildActionMask = 2147483647;
			files = (
			);
			runOnlyForDeploymentPostprocessing = 0;
		};
/* End PBXFrameworksBuildPhase section */

/* Begin PBXGroup section */
		1B04A6912901D4D1000E42CF /* Helpers */ = {
			isa = PBXGroup;
			children = (
				1B5F0D6528F347D900F4CDB8 /* MapView.swift */,
				1B5F0D6328F345CD00F4CDB8 /* CircleImage.swift */,
				1B04A68F2901D38F000E42CF /* FavoriteButton.swift */,
			);
			path = Helpers;
			sourceTree = "<group>";
		};
		1B04A6922901D51A000E42CF /* Landmarks */ = {
			isa = PBXGroup;
			children = (
				1BD41C5329006CCE0099ED36 /* LandmarkRow.swift */,
				1BD41C55290074530099ED36 /* LandmarkList.swift */,
				1BD41C57290077680099ED36 /* LandmarkDetail.swift */,
			);
			path = Landmarks;
			sourceTree = "<group>";
		};
		1B357DFF2905B86E007DBFD3 /* Badges */ = {
			isa = PBXGroup;
			children = (
				1B357DF72905B0E1007DBFD3 /* HexagonParameters.swift */,
				1B357DF92905B333007DBFD3 /* BadgeBackground.swift */,
				1B357DFB2905B779007DBFD3 /* BadgeSymbol.swift */,
				1B357DFD2905B7ED007DBFD3 /* RotatedBadgeSymbol.swift */,
				1B357E002905B87A007DBFD3 /* Badge.swift */,
			);
			path = Badges;
			sourceTree = "<group>";
		};
		1B5F0D2D28F33C8800F4CDB8 = {
			isa = PBXGroup;
			children = (
				1B5F0D3828F33C8800F4CDB8 /* Landmarks */,
				1B5F0D4928F33C8900F4CDB8 /* LandmarksTests */,
				1B5F0D5328F33C8900F4CDB8 /* LandmarksUITests */,
				1B5F0D3728F33C8800F4CDB8 /* Products */,
			);
			sourceTree = "<group>";
		};
		1B5F0D3728F33C8800F4CDB8 /* Products */ = {
			isa = PBXGroup;
			children = (
				1B5F0D3628F33C8800F4CDB8 /* Landmarks.app */,
				1B5F0D4628F33C8900F4CDB8 /* LandmarksTests.xctest */,
				1B5F0D5028F33C8900F4CDB8 /* LandmarksUITests.xctest */,
			);
			name = Products;
			sourceTree = "<group>";
		};
		1B5F0D3828F33C8800F4CDB8 /* Landmarks */ = {
			isa = PBXGroup;
			children = (
				1B5F0D3928F33C8800F4CDB8 /* LandmarksApp.swift */,
				1B5F0D3D28F33C8900F4CDB8 /* Assets.xcassets */,
				1B73E00A28FC9FE600D7076B /* Resources */,
				1B73E00928FC9FCB00D7076B /* Model */,
				1B73E00828FC9F9C00D7076B /* Views */,
				1B5F0D3F28F33C8900F4CDB8 /* Preview Content */,
			);
			path = Landmarks;
			sourceTree = "<group>";
		};
		1B5F0D3F28F33C8900F4CDB8 /* Preview Content */ = {
			isa = PBXGroup;
			children = (
				1B5F0D4028F33C8900F4CDB8 /* Preview Assets.xcassets */,
			);
			path = "Preview Content";
			sourceTree = "<group>";
		};
		1B5F0D4928F33C8900F4CDB8 /* LandmarksTests */ = {
			isa = PBXGroup;
			children = (
				1B5F0D4A28F33C8900F4CDB8 /* LandmarksTests.swift */,
			);
			path = LandmarksTests;
			sourceTree = "<group>";
		};
		1B5F0D5328F33C8900F4CDB8 /* LandmarksUITests */ = {
			isa = PBXGroup;
			children = (
				1B5F0D5428F33C8900F4CDB8 /* LandmarksUITests.swift */,
				1B5F0D5628F33C8900F4CDB8 /* LandmarksUITestsLaunchTests.swift */,
			);
			path = LandmarksUITests;
			sourceTree = "<group>";
		};
		1B73E00828FC9F9C00D7076B /* Views */ = {
			isa = PBXGroup;
			children = (
				1B357DFF2905B86E007DBFD3 /* Badges */,
				1B04A6922901D51A000E42CF /* Landmarks */,
				1B04A6912901D4D1000E42CF /* Helpers */,
				1B5F0D3B28F33C8800F4CDB8 /* ContentView.swift */,
			);
			path = Views;
			sourceTree = "<group>";
		};
		1B73E00928FC9FCB00D7076B /* Model */ = {
			isa = PBXGroup;
			children = (
				1B73E00428FC9B4C00D7076B /* Landmark.swift */,
				1B73E00628FC9D9500D7076B /* ModelData.swift */,
			);
			path = Model;
			sourceTree = "<group>";
		};
		1B73E00A28FC9FE600D7076B /* Resources */ = {
			isa = PBXGroup;
			children = (
				1B73E00B28FCA06E00D7076B /* landmarkData.json */,
			);
			path = Resources;
			sourceTree = "<group>";
		};
/* End PBXGroup section */

/* Begin PBXNativeTarget section */
		1B5F0D3528F33C8800F4CDB8 /* Landmarks */ = {
			isa = PBXNativeTarget;
			buildConfigurationList = 1B5F0D5A28F33C8900F4CDB8 /* Build configuration list for PBXNativeTarget "Landmarks" */;
			buildPhases = (
				1B5F0D3228F33C8800F4CDB8 /* Sources */,
				1B5F0D3328F33C8800F4CDB8 /* Frameworks */,
				1B5F0D3428F33C8800F4CDB8 /* Resources */,
			);
			buildRules = (
			);
			dependencies = (
			);
			name = Landmarks;
			productName = Landmarks;
			productReference = 1B5F0D3628F33C8800F4CDB8 /* Landmarks.app */;
			productType = "com.apple.product-type.application";
		};
		1B5F0D4528F33C8900F4CDB8 /* LandmarksTests */ = {
			isa = PBXNativeTarget;
			buildConfigurationList = 1B5F0D5D28F33C8900F4CDB8 /* Build configuration list for PBXNativeTarget "LandmarksTests" */;
			buildPhases = (
				1B5F0D4228F33C8900F4CDB8 /* Sources */,
				1B5F0D4328F33C8900F4CDB8 /* Frameworks */,
				1B5F0D4428F33C8900F4CDB8 /* Resources */,
			);
			buildRules = (
			);
			dependencies = (
				1B5F0D4828F33C8900F4CDB8 /* PBXTargetDependency */,
			);
			name = LandmarksTests;
			productName = LandmarksTests;
			productReference = 1B5F0D4628F33C8900F4CDB8 /* LandmarksTests.xctest */;
			productType = "com.apple.product-type.bundle.unit-test";
		};
		1B5F0D4F28F33C8900F4CDB8 /* LandmarksUITests */ = {
			isa = PBXNativeTarget;
			buildConfigurationList = 1B5F0D6028F33C8900F4CDB8 /* Build configuration list for PBXNativeTarget "LandmarksUITests" */;
			buildPhases = (
				1B5F0D4C28F33C8900F4CDB8 /* Sources */,
				1B5F0D4D28F33C8900F4CDB8 /* Frameworks */,
				1B5F0D4E28F33C8900F4CDB8 /* Resources */,
			);
			buildRules = (
			);
			dependencies = (
				1B5F0D5228F33C8900F4CDB8 /* PBXTargetDependency */,
			);
			name = LandmarksUITests;
			productName = LandmarksUITests;
			productReference = 1B5F0D5028F33C8900F4CDB8 /* LandmarksUITests.xctest */;
			productType = "com.apple.product-type.bundle.ui-testing";
		};
/* End PBXNativeTarget section */

/* Begin PBXProject section */
		1B5F0D2E28F33C8800F4CDB8 /* Project object */ = {
			isa = PBXProject;
			attributes = {
				BuildIndependentTargetsInParallel = 1;
				LastSwiftUpdateCheck = 1400;
				LastUpgradeCheck = 1400;
				TargetAttributes = {
					1B5F0D3528F33C8800F4CDB8 = {
						CreatedOnToolsVersion = 14.0.1;
					};
					1B5F0D4528F33C8900F4CDB8 = {
						CreatedOnToolsVersion = 14.0.1;
						TestTargetID = 1B5F0D3528F33C8800F4CDB8;
					};
					1B5F0D4F28F33C8900F4CDB8 = {
						CreatedOnToolsVersion = 14.0.1;
						TestTargetID = 1B5F0D3528F33C8800F4CDB8;
					};
				};
			};
			buildConfigurationList = 1B5F0D3128F33C8800F4CDB8 /* Build configuration list for PBXProject "Landmarks" */;
			compatibilityVersion = "Xcode 14.0";
			developmentRegion = en;
			hasScannedForEncodings = 0;
			knownRegions = (
				en,
				Base,
			);
			mainGroup = 1B5F0D2D28F33C8800F4CDB8;
			productRefGroup = 1B5F0D3728F33C8800F4CDB8 /* Products */;
			projectDirPath = "";
			projectRoot = "";
			targets = (
				1B5F0D3528F33C8800F4CDB8 /* Landmarks */,
				1B5F0D4528F33C8900F4CDB8 /* LandmarksTests */,
				1B5F0D4F28F33C8900F4CDB8 /* LandmarksUITests */,
			);
		};
/* End PBXProject section */

/* Begin PBXResourcesBuildPhase section */
		1B5F0D3428F33C8800F4CDB8 /* Resources */ = {
			isa = PBXResourcesBuildPhase;
			buildActionMask = 2147483647;
			files = (
				1B5F0D4128F33C8900F4CDB8 /* Preview Assets.xcassets in Resources */,
				1B5F0D3E28F33C8900F4CDB8 /* Assets.xcassets in Resources */,
				1B73E00C28FCA06E00D7076B /* landmarkData.json in Resources */,
			);
			runOnlyForDeploymentPostprocessing = 0;
		};
		1B5F0D4428F33C8900F4CDB8 /* Resources */ = {
			isa = PBXResourcesBuildPhase;
			buildActionMask = 2147483647;
			files = (
			);
			runOnlyForDeploymentPostprocessing = 0;
		};
		1B5F0D4E28F33C8900F4CDB8 /* Resources */ = {
			isa = PBXResourcesBuildPhase;
			buildActionMask = 2147483647;
			files = (
			);
			runOnlyForDeploymentPostprocessing = 0;
		};
/* End PBXResourcesBuildPhase section */

/* Begin PBXSourcesBuildPhase section */
		1B5F0D3228F33C8800F4CDB8 /* Sources */ = {
			isa = PBXSourcesBuildPhase;
			buildActionMask = 2147483647;
			files = (
				1B5F0D3C28F33C8800F4CDB8 /* ContentView.swift in Sources */,
				1B357E012905B87A007DBFD3 /* Badge.swift in Sources */,
				1B5F0D6628F347D900F4CDB8 /* MapView.swift in Sources */,
				1B5F0D3A28F33C8800F4CDB8 /* LandmarksApp.swift in Sources */,
				1B04A6902901D38F000E42CF /* FavoriteButton.swift in Sources */,
				1B357DF82905B0E1007DBFD3 /* HexagonParameters.swift in Sources */,
				1B357DFE2905B7ED007DBFD3 /* RotatedBadgeSymbol.swift in Sources */,
				1B357DFC2905B779007DBFD3 /* BadgeSymbol.swift in Sources */,
				1BD41C56290074530099ED36 /* LandmarkList.swift in Sources */,
				1BD41C58290077680099ED36 /* LandmarkDetail.swift in Sources */,
				1B357DFA2905B333007DBFD3 /* BadgeBackground.swift in Sources */,
				1B5F0D6428F345CD00F4CDB8 /* CircleImage.swift in Sources */,
				1B73E00528FC9B4C00D7076B /* Landmark.swift in Sources */,
				1BD41C5429006CCE0099ED36 /* LandmarkRow.swift in Sources */,
				1B73E00728FC9D9500D7076B /* ModelData.swift in Sources */,
			);
			runOnlyForDeploymentPostprocessing = 0;
		};
		1B5F0D4228F33C8900F4CDB8 /* Sources */ = {
			isa = PBXSourcesBuildPhase;
			buildActionMask = 2147483647;
			files = (
				1B5F0D4B28F33C8900F4CDB8 /* LandmarksTests.swift in Sources */,
			);
			runOnlyForDeploymentPostprocessing = 0;
		};
		1B5F0D4C28F33C8900F4CDB8 /* Sources */ = {
			isa = PBXSourcesBuildPhase;
			buildActionMask = 2147483647;
			files = (
				1B5F0D5728F33C8900F4CDB8 /* LandmarksUITestsLaunchTests.swift in Sources */,
				1B5F0D5528F33C8900F4CDB8 /* LandmarksUITests.swift in Sources */,
			);
			runOnlyForDeploymentPostprocessing = 0;
		};
/* End PBXSourcesBuildPhase section */

/* Begin PBXTargetDependency section */
		1B5F0D4828F33C8900F4CDB8 /* PBXTargetDependency */ = {
			isa = PBXTargetDependency;
			target = 1B5F0D3528F33C8800F4CDB8 /* Landmarks */;
			targetProxy = 1B5F0D4728F33C8900F4CDB8 /* PBXContainerItemProxy */;
		};
		1B5F0D5228F33C8900F4CDB8 /* PBXTargetDependency */ = {
			isa = PBXTargetDependency;
			target = 1B5F0D3528F33C8800F4CDB8 /* Landmarks */;
			targetProxy = 1B5F0D5128F33C8900F4CDB8 /* PBXContainerItemProxy */;
		};
/* End PBXTargetDependency section */

/* Begin XCBuildConfiguration section */
		1B5F0D5828F33C8900F4CDB8 /* Debug */ = {
			isa = XCBuildConfiguration;
			buildSettings = {
				ALWAYS_SEARCH_USER_PATHS = NO;
				CLANG_ANALYZER_NONNULL = YES;
				CLANG_ANALYZER_NUMBER_OBJECT_CONVERSION = YES_AGGRESSIVE;
				CLANG_CXX_LANGUAGE_STANDARD = "gnu++20";
				CLANG_ENABLE_MODULES = YES;
				CLANG_ENABLE_OBJC_ARC = YES;
				CLANG_ENABLE_OBJC_WEAK = YES;
				CLANG_WARN_BLOCK_CAPTURE_AUTORELEASING = YES;
				CLANG_WARN_BOOL_CONVERSION = YES;
				CLANG_WARN_COMMA = YES;
				CLANG_WARN_CONSTANT_CONVERSION = YES;
				CLANG_WARN_DEPRECATED_OBJC_IMPLEMENTATIONS = YES;
				CLANG_WARN_DIRECT_OBJC_ISA_USAGE = YES_ERROR;
				CLANG_WARN_DOCUMENTATION_COMMENTS = YES;
				CLANG_WARN_EMPTY_BODY = YES;
				CLANG_WARN_ENUM_CONVERSION = YES;
				CLANG_WARN_INFINITE_RECURSION = YES;
				CLANG_WARN_INT_CONVERSION = YES;
				CLANG_WARN_NON_LITERAL_NULL_CONVERSION = YES;
				CLANG_WARN_OBJC_IMPLICIT_RETAIN_SELF = YES;
				CLANG_WARN_OBJC_LITERAL_CONVERSION = YES;
				CLANG_WARN_OBJC_ROOT_CLASS = YES_ERROR;
				CLANG_WARN_QUOTED_INCLUDE_IN_FRAMEWORK_HEADER = YES;
				CLANG_WARN_RANGE_LOOP_ANALYSIS = YES;
				CLANG_WARN_STRICT_PROTOTYPES = YES;
				CLANG_WARN_SUSPICIOUS_MOVE = YES;
				CLANG_WARN_UNGUARDED_AVAILABILITY = YES_AGGRESSIVE;
				CLANG_WARN_UNREACHABLE_CODE = YES;
				CLANG_WARN__DUPLICATE_METHOD_MATCH = YES;
				COPY_PHASE_STRIP = NO;
				DEBUG_INFORMATION_FORMAT = dwarf;
				ENABLE_STRICT_OBJC_MSGSEND = YES;
				ENABLE_TESTABILITY = YES;
				GCC_C_LANGUAGE_STANDARD = gnu11;
				GCC_DYNAMIC_NO_PIC = NO;
				GCC_NO_COMMON_BLOCKS = YES;
				GCC_OPTIMIZATION_LEVEL = 0;
				GCC_PREPROCESSOR_DEFINITIONS = (
					"DEBUG=1",
					"$(inherited)",
				);
				GCC_WARN_64_TO_32_BIT_CONVERSION = YES;
				GCC_WARN_ABOUT_RETURN_TYPE = YES_ERROR;
				GCC_WARN_UNDECLARED_SELECTOR = YES;
				GCC_WARN_UNINITIALIZED_AUTOS = YES_AGGRESSIVE;
				GCC_WARN_UNUSED_FUNCTION = YES;
				GCC_WARN_UNUSED_VARIABLE = YES;
				IPHONEOS_DEPLOYMENT_TARGET = 16.0;
				MTL_ENABLE_DEBUG_INFO = INCLUDE_SOURCE;
				MTL_FAST_MATH = YES;
				ONLY_ACTIVE_ARCH = YES;
				SDKROOT = iphoneos;
				SWIFT_ACTIVE_COMPILATION_CONDITIONS = DEBUG;
				SWIFT_OPTIMIZATION_LEVEL = "-Onone";
			};
			name = Debug;
		};
		1B5F0D5928F33C8900F4CDB8 /* Release */ = {
			isa = XCBuildConfiguration;
			buildSettings = {
				ALWAYS_SEARCH_USER_PATHS = NO;
				CLANG_ANALYZER_NONNULL = YES;
				CLANG_ANALYZER_NUMBER_OBJECT_CONVERSION = YES_AGGRESSIVE;
				CLANG_CXX_LANGUAGE_STANDARD = "gnu++20";
				CLANG_ENABLE_MODULES = YES;
				CLANG_ENABLE_OBJC_ARC = YES;
				CLANG_ENABLE_OBJC_WEAK = YES;
				CLANG_WARN_BLOCK_CAPTURE_AUTORELEASING = YES;
				CLANG_WARN_BOOL_CONVERSION = YES;
				CLANG_WARN_COMMA = YES;
				CLANG_WARN_CONSTANT_CONVERSION = YES;
				CLANG_WARN_DEPRECATED_OBJC_IMPLEMENTATIONS = YES;
				CLANG_WARN_DIRECT_OBJC_ISA_USAGE = YES_ERROR;
				CLANG_WARN_DOCUMENTATION_COMMENTS = YES;
				CLANG_WARN_EMPTY_BODY = YES;
				CLANG_WARN_ENUM_CONVERSION = YES;
				CLANG_WARN_INFINITE_RECURSION = YES;
				CLANG_WARN_INT_CONVERSION = YES;
				CLANG_WARN_NON_LITERAL_NULL_CONVERSION = YES;
				CLANG_WARN_OBJC_IMPLICIT_RETAIN_SELF = YES;
				CLANG_WARN_OBJC_LITERAL_CONVERSION = YES;
				CLANG_WARN_OBJC_ROOT_CLASS = YES_ERROR;
				CLANG_WARN_QUOTED_INCLUDE_IN_FRAMEWORK_HEADER = YES;
				CLANG_WARN_RANGE_LOOP_ANALYSIS = YES;
				CLANG_WARN_STRICT_PROTOTYPES = YES;
				CLANG_WARN_SUSPICIOUS_MOVE = YES;
				CLANG_WARN_UNGUARDED_AVAILABILITY = YES_AGGRESSIVE;
				CLANG_WARN_UNREACHABLE_CODE = YES;
				CLANG_WARN__DUPLICATE_METHOD_MATCH = YES;
				COPY_PHASE_STRIP = NO;
				DEBUG_INFORMATION_FORMAT = "dwarf-with-dsym";
				ENABLE_NS_ASSERTIONS = NO;
				ENABLE_STRICT_OBJC_MSGSEND = YES;
				GCC_C_LANGUAGE_STANDARD = gnu11;
				GCC_NO_COMMON_BLOCKS = YES;
				GCC_WARN_64_TO_32_BIT_CONVERSION = YES;
				GCC_WARN_ABOUT_RETURN_TYPE = YES_ERROR;
				GCC_WARN_UNDECLARED_SELECTOR = YES;
				GCC_WARN_UNINITIALIZED_AUTOS = YES_AGGRESSIVE;
				GCC_WARN_UNUSED_FUNCTION = YES;
				GCC_WARN_UNUSED_VARIABLE = YES;
				IPHONEOS_DEPLOYMENT_TARGET = 16.0;
				MTL_ENABLE_DEBUG_INFO = NO;
				MTL_FAST_MATH = YES;
				SDKROOT = iphoneos;
				SWIFT_COMPILATION_MODE = wholemodule;
				SWIFT_OPTIMIZATION_LEVEL = "-O";
				VALIDATE_PRODUCT = YES;
			};
			name = Release;
		};
		1B5F0D5B28F33C8900F4CDB8 /* Debug */ = {
			isa = XCBuildConfiguration;
			buildSettings = {
				ASSETCATALOG_COMPILER_APPICON_NAME = AppIcon;
				ASSETCATALOG_COMPILER_GLOBAL_ACCENT_COLOR_NAME = AccentColor;
				CODE_SIGN_STYLE = Automatic;
				CURRENT_PROJECT_VERSION = 1;
				DEVELOPMENT_ASSET_PATHS = "\"Landmarks/Preview Content\"";
				ENABLE_PREVIEWS = YES;
				GENERATE_INFOPLIST_FILE = YES;
				INFOPLIST_KEY_UIApplicationSceneManifest_Generation = YES;
				INFOPLIST_KEY_UIApplicationSupportsIndirectInputEvents = YES;
				INFOPLIST_KEY_UILaunchScreen_Generation = YES;
				INFOPLIST_KEY_UISupportedInterfaceOrientations_iPad = "UIInterfaceOrientationPortrait UIInterfaceOrientationPortraitUpsideDown UIInterfaceOrientationLandscapeLeft UIInterfaceOrientationLandscapeRight";
				INFOPLIST_KEY_UISupportedInterfaceOrientations_iPhone = "UIInterfaceOrientationPortrait UIInterfaceOrientationLandscapeLeft UIInterfaceOrientationLandscapeRight";
				LD_RUNPATH_SEARCH_PATHS = (
					"$(inherited)",
					"@executable_path/Frameworks",
				);
				MARKETING_VERSION = 1.0;
				PRODUCT_BUNDLE_IDENTIFIER = com.roxyta.Landmarks;
				PRODUCT_NAME = "$(TARGET_NAME)";
				SWIFT_EMIT_LOC_STRINGS = YES;
				SWIFT_VERSION = 5.0;
				TARGETED_DEVICE_FAMILY = "1,2";
			};
			name = Debug;
		};
		1B5F0D5C28F33C8900F4CDB8 /* Release */ = {
			isa = XCBuildConfiguration;
			buildSettings = {
				ASSETCATALOG_COMPILER_APPICON_NAME = AppIcon;
				ASSETCATALOG_COMPILER_GLOBAL_ACCENT_COLOR_NAME = AccentColor;
				CODE_SIGN_STYLE = Automatic;
				CURRENT_PROJECT_VERSION = 1;
				DEVELOPMENT_ASSET_PATHS = "\"Landmarks/Preview Content\"";
				ENABLE_PREVIEWS = YES;
				GENERATE_INFOPLIST_FILE = YES;
				INFOPLIST_KEY_UIApplicationSceneManifest_Generation = YES;
				INFOPLIST_KEY_UIApplicationSupportsIndirectInputEvents = YES;
				INFOPLIST_KEY_UILaunchScreen_Generation = YES;
				INFOPLIST_KEY_UISupportedInterfaceOrientations_iPad = "UIInterfaceOrientationPortrait UIInterfaceOrientationPortraitUpsideDown UIInterfaceOrientationLandscapeLeft UIInterfaceOrientationLandscapeRight";
				INFOPLIST_KEY_UISupportedInterfaceOrientations_iPhone = "UIInterfaceOrientationPortrait UIInterfaceOrientationLandscapeLeft UIInterfaceOrientationLandscapeRight";
				LD_RUNPATH_SEARCH_PATHS = (
					"$(inherited)",
					"@executable_path/Frameworks",
				);
				MARKETING_VERSION = 1.0;
				PRODUCT_BUNDLE_IDENTIFIER = com.roxyta.Landmarks;
				PRODUCT_NAME = "$(TARGET_NAME)";
				SWIFT_EMIT_LOC_STRINGS = YES;
				SWIFT_VERSION = 5.0;
				TARGETED_DEVICE_FAMILY = "1,2";
			};
			name = Release;
		};
		1B5F0D5E28F33C8900F4CDB8 /* Debug */ = {
			isa = XCBuildConfiguration;
			buildSettings = {
				ALWAYS_EMBED_SWIFT_STANDARD_LIBRARIES = YES;
				BUNDLE_LOADER = "$(TEST_HOST)";
				CODE_SIGN_STYLE = Automatic;
				CURRENT_PROJECT_VERSION = 1;
				GENERATE_INFOPLIST_FILE = YES;
				IPHONEOS_DEPLOYMENT_TARGET = 16.0;
				MARKETING_VERSION = 1.0;
				PRODUCT_BUNDLE_IDENTIFIER = com.roxyta.LandmarksTests;
				PRODUCT_NAME = "$(TARGET_NAME)";
				SWIFT_EMIT_LOC_STRINGS = NO;
				SWIFT_VERSION = 5.0;
				TARGETED_DEVICE_FAMILY = "1,2";
				TEST_HOST = "$(BUILT_PRODUCTS_DIR)/Landmarks.app/$(BUNDLE_EXECUTABLE_FOLDER_PATH)/Landmarks";
			};
			name = Debug;
		};
		1B5F0D5F28F33C8900F4CDB8 /* Release */ = {
			isa = XCBuildConfiguration;
			buildSettings = {
				ALWAYS_EMBED_SWIFT_STANDARD_LIBRARIES = YES;
				BUNDLE_LOADER = "$(TEST_HOST)";
				CODE_SIGN_STYLE = Automatic;
				CURRENT_PROJECT_VERSION = 1;
				GENERATE_INFOPLIST_FILE = YES;
				IPHONEOS_DEPLOYMENT_TARGET = 16.0;
				MARKETING_VERSION = 1.0;
				PRODUCT_BUNDLE_IDENTIFIER = com.roxyta.LandmarksTests;
				PRODUCT_NAME = "$(TARGET_NAME)";
				SWIFT_EMIT_LOC_STRINGS = NO;
				SWIFT_VERSION = 5.0;
				TARGETED_DEVICE_FAMILY = "1,2";
				TEST_HOST = "$(BUILT_PRODUCTS_DIR)/Landmarks.app/$(BUNDLE_EXECUTABLE_FOLDER_PATH)/Landmarks";
			};
			name = Release;
		};
		1B5F0D6128F33C8900F4CDB8 /* Debug */ = {
			isa = XCBuildConfiguration;
			buildSettings = {
				ALWAYS_EMBED_SWIFT_STANDARD_LIBRARIES = YES;
				CODE_SIGN_STYLE = Automatic;
				CURRENT_PROJECT_VERSION = 1;
				GENERATE_INFOPLIST_FILE = YES;
				MARKETING_VERSION = 1.0;
				PRODUCT_BUNDLE_IDENTIFIER = com.roxyta.LandmarksUITests;
				PRODUCT_NAME = "$(TARGET_NAME)";
				SWIFT_EMIT_LOC_STRINGS = NO;
				SWIFT_VERSION = 5.0;
				TARGETED_DEVICE_FAMILY = "1,2";
				TEST_TARGET_NAME = Landmarks;
			};
			name = Debug;
		};
		1B5F0D6228F33C8900F4CDB8 /* Release */ = {
			isa = XCBuildConfiguration;
			buildSettings = {
				ALWAYS_EMBED_SWIFT_STANDARD_LIBRARIES = YES;
				CODE_SIGN_STYLE = Automatic;
				CURRENT_PROJECT_VERSION = 1;
				GENERATE_INFOPLIST_FILE = YES;
				MARKETING_VERSION = 1.0;
				PRODUCT_BUNDLE_IDENTIFIER = com.roxyta.LandmarksUITests;
				PRODUCT_NAME = "$(TARGET_NAME)";
				SWIFT_EMIT_LOC_STRINGS = NO;
				SWIFT_VERSION = 5.0;
				TARGETED_DEVICE_FAMILY = "1,2";
				TEST_TARGET_NAME = Landmarks;
			};
			name = Release;
		};
/* End XCBuildConfiguration section */

/* Begin XCConfigurationList section */
		1B5F0D3128F33C8800F4CDB8 /* Build configuration list for PBXProject "Landmarks" */ = {
			isa = XCConfigurationList;
			buildConfigurations = (
				1B5F0D5828F33C8900F4CDB8 /* Debug */,
				1B5F0D5928F33C8900F4CDB8 /* Release */,
			);
			defaultConfigurationIsVisible = 0;
			defaultConfigurationName = Release;
		};
		1B5F0D5A28F33C8900F4CDB8 /* Build configuration list for PBXNativeTarget "Landmarks" */ = {
			isa = XCConfigurationList;
			buildConfigurations = (
				1B5F0D5B28F33C8900F4CDB8 /* Debug */,
				1B5F0D5C28F33C8900F4CDB8 /* Release */,
			);
			defaultConfigurationIsVisible = 0;
			defaultConfigurationName = Release;
		};
		1B5F0D5D28F33C8900F4CDB8 /* Build configuration list for PBXNativeTarget "LandmarksTests" */ = {
			isa = XCConfigurationList;
			buildConfigurations = (
				1B5F0D5E28F33C8900F4CDB8 /* Debug */,
				1B5F0D5F28F33C8900F4CDB8 /* Release */,
			);
			defaultConfigurationIsVisible = 0;
			defaultConfigurationName = Release;
		};
		1B5F0D6028F33C8900F4CDB8 /* Build configuration list for PBXNativeTarget "LandmarksUITests" */ = {
			isa = XCConfigurationList;
			buildConfigurations = (
				1B5F0D6128F33C8900F4CDB8 /* Debug */,
				1B5F0D6228F33C8900F4CDB8 /* Release */,
			);
			defaultConfigurationIsVisible = 0;
			defaultConfigurationName = Release;
		};
/* End XCConfigurationList section */
	};
	rootObject = 1B5F0D2E28F33C8800F4CDB8 /* Project object */;
}
